PODS:
  - Charts (3.3.0):
    - Charts/Core (= 3.3.0)
  - Charts/Core (3.3.0)

DEPENDENCIES:
  - Charts (~> 3.3.0)

SPEC REPOS:
  https://github.com/cocoapods/specs.git:
    - Charts

SPEC CHECKSUMS:
  Charts: e0dd4cd8f257bccf98407b58183ddca8e8d5b578

PODFILE CHECKSUM: f4d0caafbd863de6d54855cc2dfda0313b14f949

COCOAPODS: 1.5.3
