// !$*UTF8*$!
{
	archiveVersion = 1;
	classes = {
	};
	objectVersion = 50;
	objects = {

/* Begin PBXBuildFile section */
		8693099F8C64169A7E48E949 /* libPods-Twenty.a in Frameworks */ = {isa = PBXBuildFile; fileRef = D27604BA1FBA257C45F0779A /* libPods-Twenty.a */; };
		A546160D22DC5B130001CF19 /* AppDelegate.swift in Sources */ = {isa = PBXBuildFile; fileRef = A546160C22DC5B130001CF19 /* AppDelegate.swift */; };
		A546160F22DC5B130001CF19 /* TimerViewController.swift in Sources */ = {isa = PBXBuildFile; fileRef = A546160E22DC5B130001CF19 /* TimerViewController.swift */; };
		A546161122DC5B160001CF19 /* Assets.xcassets in Resources */ = {isa = PBXBuildFile; fileRef = A546161022DC5B160001CF19 /* Assets.xcassets */; };
		A546161422DC5B160001CF19 /* Main.storyboard in Resources */ = {isa = PBXBuildFile; fileRef = A546161222DC5B160001CF19 /* Main.storyboard */; };
		A546162022DC5B160001CF19 /* TwentyTests.swift in Sources */ = {isa = PBXBuildFile; fileRef = A546161F22DC5B160001CF19 /* TwentyTests.swift */; };
		A546162B22DC5B160001CF19 /* TwentyUITests.swift in Sources */ = {isa = PBXBuildFile; fileRef = A546162A22DC5B160001CF19 /* TwentyUITests.swift */; };
		A546163922DD6DF10001CF19 /* TableViewController.swift in Sources */ = {isa = PBXBuildFile; fileRef = A546163822DD6DF10001CF19 /* TableViewController.swift */; };
		A546163B22DD6E920001CF19 /* BarChartViewController.swift in Sources */ = {isa = PBXBuildFile; fileRef = A546163A22DD6E920001CF19 /* BarChartViewController.swift */; };
		A546163D22DD6F3A0001CF19 /* CircularProgressIndicator.swift in Sources */ = {isa = PBXBuildFile; fileRef = A546163C22DD6F3A0001CF19 /* CircularProgressIndicator.swift */; };
/* End PBXBuildFile section */

/* Begin PBXContainerItemProxy section */
		A546161C22DC5B160001CF19 /* PBXContainerItemProxy */ = {
			isa = PBXContainerItemProxy;
			containerPortal = A546160122DC5B130001CF19 /* Project object */;
			proxyType = 1;
			remoteGlobalIDString = A546160822DC5B130001CF19;
			remoteInfo = Twenty;
		};
		A546162722DC5B160001CF19 /* PBXContainerItemProxy */ = {
			isa = PBXContainerItemProxy;
			containerPortal = A546160122DC5B130001CF19 /* Project object */;
			proxyType = 1;
			remoteGlobalIDString = A546160822DC5B130001CF19;
			remoteInfo = Twenty;
		};
/* End PBXContainerItemProxy section */

/* Begin PBXFileReference section */
		5B2AD409B0FF94CDABED9FA1 /* Pods-Twenty.release.xcconfig */ = {isa = PBXFileReference; includeInIndex = 1; lastKnownFileType = text.xcconfig; name = "Pods-Twenty.release.xcconfig"; path = "Pods/Target Support Files/Pods-Twenty/Pods-Twenty.release.xcconfig"; sourceTree = "<group>"; };
		A546160922DC5B130001CF19 /* Twenty.app */ = {isa = PBXFileReference; explicitFileType = wrapper.application; includeInIndex = 0; path = Twenty.app; sourceTree = BUILT_PRODUCTS_DIR; };
		A546160C22DC5B130001CF19 /* AppDelegate.swift */ = {isa = PBXFileReference; lastKnownFileType = sourcecode.swift; path = AppDelegate.swift; sourceTree = "<group>"; };
		A546160E22DC5B130001CF19 /* TimerViewController.swift */ = {isa = PBXFileReference; lastKnownFileType = sourcecode.swift; path = TimerViewController.swift; sourceTree = "<group>"; };
		A546161022DC5B160001CF19 /* Assets.xcassets */ = {isa = PBXFileReference; lastKnownFileType = folder.assetcatalog; path = Assets.xcassets; sourceTree = "<group>"; };
		A546161322DC5B160001CF19 /* Base */ = {isa = PBXFileReference; lastKnownFileType = file.storyboard; name = Base; path = Base.lproj/Main.storyboard; sourceTree = "<group>"; };
		A546161522DC5B160001CF19 /* Info.plist */ = {isa = PBXFileReference; lastKnownFileType = text.plist.xml; path = Info.plist; sourceTree = "<group>"; };
		A546161622DC5B160001CF19 /* Twenty.entitlements */ = {isa = PBXFileReference; lastKnownFileType = text.plist.entitlements; path = Twenty.entitlements; sourceTree = "<group>"; };
		A546161B22DC5B160001CF19 /* TwentyTests.xctest */ = {isa = PBXFileReference; explicitFileType = wrapper.cfbundle; includeInIndex = 0; path = TwentyTests.xctest; sourceTree = BUILT_PRODUCTS_DIR; };
		A546161F22DC5B160001CF19 /* TwentyTests.swift */ = {isa = PBXFileReference; lastKnownFileType = sourcecode.swift; path = TwentyTests.swift; sourceTree = "<group>"; };
		A546162122DC5B160001CF19 /* Info.plist */ = {isa = PBXFileReference; lastKnownFileType = text.plist.xml; path = Info.plist; sourceTree = "<group>"; };
		A546162622DC5B160001CF19 /* TwentyUITests.xctest */ = {isa = PBXFileReference; explicitFileType = wrapper.cfbundle; includeInIndex = 0; path = TwentyUITests.xctest; sourceTree = BUILT_PRODUCTS_DIR; };
		A546162A22DC5B160001CF19 /* TwentyUITests.swift */ = {isa = PBXFileReference; lastKnownFileType = sourcecode.swift; path = TwentyUITests.swift; sourceTree = "<group>"; };
		A546162C22DC5B160001CF19 /* Info.plist */ = {isa = PBXFileReference; lastKnownFileType = text.plist.xml; path = Info.plist; sourceTree = "<group>"; };
		A546163822DD6DF10001CF19 /* TableViewController.swift */ = {isa = PBXFileReference; lastKnownFileType = sourcecode.swift; path = TableViewController.swift; sourceTree = "<group>"; };
		A546163A22DD6E920001CF19 /* BarChartViewController.swift */ = {isa = PBXFileReference; lastKnownFileType = sourcecode.swift; path = BarChartViewController.swift; sourceTree = "<group>"; };
		A546163C22DD6F3A0001CF19 /* CircularProgressIndicator.swift */ = {isa = PBXFileReference; lastKnownFileType = sourcecode.swift; path = CircularProgressIndicator.swift; sourceTree = "<group>"; };
		D27604BA1FBA257C45F0779A /* libPods-Twenty.a */ = {isa = PBXFileReference; explicitFileType = archive.ar; includeInIndex = 0; path = "libPods-Twenty.a"; sourceTree = BUILT_PRODUCTS_DIR; };
		F73475627EC202E6BCDB78B2 /* Pods-Twenty.debug.xcconfig */ = {isa = PBXFileReference; includeInIndex = 1; lastKnownFileType = text.xcconfig; name = "Pods-Twenty.debug.xcconfig"; path = "Pods/Target Support Files/Pods-Twenty/Pods-Twenty.debug.xcconfig"; sourceTree = "<group>"; };
/* End PBXFileReference section */

/* Begin PBXFrameworksBuildPhase section */
		A546160622DC5B130001CF19 /* Frameworks */ = {
			isa = PBXFrameworksBuildPhase;
			buildActionMask = 2147483647;
			files = (
				8693099F8C64169A7E48E949 /* libPods-Twenty.a in Frameworks */,
			);
			runOnlyForDeploymentPostprocessing = 0;
		};
		A546161822DC5B160001CF19 /* Frameworks */ = {
			isa = PBXFrameworksBuildPhase;
			buildActionMask = 2147483647;
			files = (
			);
			runOnlyForDeploymentPostprocessing = 0;
		};
		A546162322DC5B160001CF19 /* Frameworks */ = {
			isa = PBXFrameworksBuildPhase;
			buildActionMask = 2147483647;
			files = (
			);
			runOnlyForDeploymentPostprocessing = 0;
		};
/* End PBXFrameworksBuildPhase section */

/* Begin PBXGroup section */
		A546160022DC5B130001CF19 = {
			isa = PBXGroup;
			children = (
				A546160B22DC5B130001CF19 /* Twenty */,
				A546161E22DC5B160001CF19 /* TwentyTests */,
				A546162922DC5B160001CF19 /* TwentyUITests */,
				A546160A22DC5B130001CF19 /* Products */,
				C9EB6A89075AD1F9C3A96D2A /* Pods */,
				A63F461511EE145FEA65DFA7 /* Frameworks */,
			);
			sourceTree = "<group>";
		};
		A546160A22DC5B130001CF19 /* Products */ = {
			isa = PBXGroup;
			children = (
				A546160922DC5B130001CF19 /* Twenty.app */,
				A546161B22DC5B160001CF19 /* TwentyTests.xctest */,
				A546162622DC5B160001CF19 /* TwentyUITests.xctest */,
			);
			name = Products;
			sourceTree = "<group>";
		};
		A546160B22DC5B130001CF19 /* Twenty */ = {
			isa = PBXGroup;
			children = (
				A546160C22DC5B130001CF19 /* AppDelegate.swift */,
				A546160E22DC5B130001CF19 /* TimerViewController.swift */,
				A546161022DC5B160001CF19 /* Assets.xcassets */,
				A546161222DC5B160001CF19 /* Main.storyboard */,
				A546161522DC5B160001CF19 /* Info.plist */,
				A546161622DC5B160001CF19 /* Twenty.entitlements */,
				A546163822DD6DF10001CF19 /* TableViewController.swift */,
				A546163A22DD6E920001CF19 /* BarChartViewController.swift */,
				A546163C22DD6F3A0001CF19 /* CircularProgressIndicator.swift */,
			);
			path = Twenty;
			sourceTree = "<group>";
		};
		A546161E22DC5B160001CF19 /* TwentyTests */ = {
			isa = PBXGroup;
			children = (
				A546161F22DC5B160001CF19 /* TwentyTests.swift */,
				A546162122DC5B160001CF19 /* Info.plist */,
			);
			path = TwentyTests;
			sourceTree = "<group>";
		};
		A546162922DC5B160001CF19 /* TwentyUITests */ = {
			isa = PBXGroup;
			children = (
				A546162A22DC5B160001CF19 /* TwentyUITests.swift */,
				A546162C22DC5B160001CF19 /* Info.plist */,
			);
			path = TwentyUITests;
			sourceTree = "<group>";
		};
		A63F461511EE145FEA65DFA7 /* Frameworks */ = {
			isa = PBXGroup;
			children = (
				D27604BA1FBA257C45F0779A /* libPods-Twenty.a */,
			);
			name = Frameworks;
			sourceTree = "<group>";
		};
		C9EB6A89075AD1F9C3A96D2A /* Pods */ = {
			isa = PBXGroup;
			children = (
				F73475627EC202E6BCDB78B2 /* Pods-Twenty.debug.xcconfig */,
				5B2AD409B0FF94CDABED9FA1 /* Pods-Twenty.release.xcconfig */,
			);
			name = Pods;
			sourceTree = "<group>";
		};
/* End PBXGroup section */

/* Begin PBXNativeTarget section */
		A546160822DC5B130001CF19 /* Twenty */ = {
			isa = PBXNativeTarget;
			buildConfigurationList = A546162F22DC5B160001CF19 /* Build configuration list for PBXNativeTarget "Twenty" */;
			buildPhases = (
				66F640C3E02FF8AD9392E3DD /* [CP] Check Pods Manifest.lock */,
				A546160522DC5B130001CF19 /* Sources */,
				A546160622DC5B130001CF19 /* Frameworks */,
				A546160722DC5B130001CF19 /* Resources */,
			);
			buildRules = (
			);
			dependencies = (
			);
			name = Twenty;
			productName = Twenty;
			productReference = A546160922DC5B130001CF19 /* Twenty.app */;
			productType = "com.apple.product-type.application";
		};
		A546161A22DC5B160001CF19 /* TwentyTests */ = {
			isa = PBXNativeTarget;
			buildConfigurationList = A546163222DC5B160001CF19 /* Build configuration list for PBXNativeTarget "TwentyTests" */;
			buildPhases = (
				A546161722DC5B160001CF19 /* Sources */,
				A546161822DC5B160001CF19 /* Frameworks */,
				A546161922DC5B160001CF19 /* Resources */,
			);
			buildRules = (
			);
			dependencies = (
				A546161D22DC5B160001CF19 /* PBXTargetDependency */,
			);
			name = TwentyTests;
			productName = TwentyTests;
			productReference = A546161B22DC5B160001CF19 /* TwentyTests.xctest */;
			productType = "com.apple.product-type.bundle.unit-test";
		};
		A546162522DC5B160001CF19 /* TwentyUITests */ = {
			isa = PBXNativeTarget;
			buildConfigurationList = A546163522DC5B160001CF19 /* Build configuration list for PBXNativeTarget "TwentyUITests" */;
			buildPhases = (
				A546162222DC5B160001CF19 /* Sources */,
				A546162322DC5B160001CF19 /* Frameworks */,
				A546162422DC5B160001CF19 /* Resources */,
			);
			buildRules = (
			);
			dependencies = (
				A546162822DC5B160001CF19 /* PBXTargetDependency */,
			);
			name = TwentyUITests;
			productName = TwentyUITests;
			productReference = A546162622DC5B160001CF19 /* TwentyUITests.xctest */;
			productType = "com.apple.product-type.bundle.ui-testing";
		};
/* End PBXNativeTarget section */

/* Begin PBXProject section */
		A546160122DC5B130001CF19 /* Project object */ = {
			isa = PBXProject;
			attributes = {
				LastSwiftUpdateCheck = 1020;
				LastUpgradeCheck = 1020;
				ORGANIZATIONNAME = "Rohin Tangirala";
				TargetAttributes = {
					A546160822DC5B130001CF19 = {
						CreatedOnToolsVersion = 10.2.1;
					};
					A546161A22DC5B160001CF19 = {
						CreatedOnToolsVersion = 10.2.1;
						TestTargetID = A546160822DC5B130001CF19;
					};
					A546162522DC5B160001CF19 = {
						CreatedOnToolsVersion = 10.2.1;
						TestTargetID = A546160822DC5B130001CF19;
					};
				};
			};
			buildConfigurationList = A546160422DC5B130001CF19 /* Build configuration list for PBXProject "Twenty" */;
			compatibilityVersion = "Xcode 9.3";
			developmentRegion = en;
			hasScannedForEncodings = 0;
			knownRegions = (
				en,
				Base,
			);
			mainGroup = A546160022DC5B130001CF19;
			productRefGroup = A546160A22DC5B130001CF19 /* Products */;
			projectDirPath = "";
			projectRoot = "";
			targets = (
				A546160822DC5B130001CF19 /* Twenty */,
				A546161A22DC5B160001CF19 /* TwentyTests */,
				A546162522DC5B160001CF19 /* TwentyUITests */,
			);
		};
/* End PBXProject section */

/* Begin PBXResourcesBuildPhase section */
		A546160722DC5B130001CF19 /* Resources */ = {
			isa = PBXResourcesBuildPhase;
			buildActionMask = 2147483647;
			files = (
				A546161122DC5B160001CF19 /* Assets.xcassets in Resources */,
				A546161422DC5B160001CF19 /* Main.storyboard in Resources */,
			);
			runOnlyForDeploymentPostprocessing = 0;
		};
		A546161922DC5B160001CF19 /* Resources */ = {
			isa = PBXResourcesBuildPhase;
			buildActionMask = 2147483647;
			files = (
			);
			runOnlyForDeploymentPostprocessing = 0;
		};
		A546162422DC5B160001CF19 /* Resources */ = {
			isa = PBXResourcesBuildPhase;
			buildActionMask = 2147483647;
			files = (
			);
			runOnlyForDeploymentPostprocessing = 0;
		};
/* End PBXResourcesBuildPhase section */

/* Begin PBXShellScriptBuildPhase section */
		66F640C3E02FF8AD9392E3DD /* [CP] Check Pods Manifest.lock */ = {
			isa = PBXShellScriptBuildPhase;
			buildActionMask = 2147483647;
			files = (
			);
			inputPaths = (
				"${PODS_PODFILE_DIR_PATH}/Podfile.lock",
				"${PODS_ROOT}/Manifest.lock",
			);
			name = "[CP] Check Pods Manifest.lock";
			outputPaths = (
				"$(DERIVED_FILE_DIR)/Pods-Twenty-checkManifestLockResult.txt",
			);
			runOnlyForDeploymentPostprocessing = 0;
			shellPath = /bin/sh;
			shellScript = "diff \"${PODS_PODFILE_DIR_PATH}/Podfile.lock\" \"${PODS_ROOT}/Manifest.lock\" > /dev/null\nif [ $? != 0 ] ; then\n    # print error to STDERR\n    echo \"error: The sandbox is not in sync with the Podfile.lock. Run 'pod install' or update your CocoaPods installation.\" >&2\n    exit 1\nfi\n# This output is used by Xcode 'outputs' to avoid re-running this script phase.\necho \"SUCCESS\" > \"${SCRIPT_OUTPUT_FILE_0}\"\n";
			showEnvVarsInLog = 0;
		};
/* End PBXShellScriptBuildPhase section */

/* Begin PBXSourcesBuildPhase section */
		A546160522DC5B130001CF19 /* Sources */ = {
			isa = PBXSourcesBuildPhase;
			buildActionMask = 2147483647;
			files = (
				A546163D22DD6F3A0001CF19 /* CircularProgressIndicator.swift in Sources */,
				A546160F22DC5B130001CF19 /* TimerViewController.swift in Sources */,
				A546163B22DD6E920001CF19 /* BarChartViewController.swift in Sources */,
				A546163922DD6DF10001CF19 /* TableViewController.swift in Sources */,
				A546160D22DC5B130001CF19 /* AppDelegate.swift in Sources */,
			);
			runOnlyForDeploymentPostprocessing = 0;
		};
		A546161722DC5B160001CF19 /* Sources */ = {
			isa = PBXSourcesBuildPhase;
			buildActionMask = 2147483647;
			files = (
				A546162022DC5B160001CF19 /* TwentyTests.swift in Sources */,
			);
			runOnlyForDeploymentPostprocessing = 0;
		};
		A546162222DC5B160001CF19 /* Sources */ = {
			isa = PBXSourcesBuildPhase;
			buildActionMask = 2147483647;
			files = (
				A546162B22DC5B160001CF19 /* TwentyUITests.swift in Sources */,
			);
			runOnlyForDeploymentPostprocessing = 0;
		};
/* End PBXSourcesBuildPhase section */

/* Begin PBXTargetDependency section */
		A546161D22DC5B160001CF19 /* PBXTargetDependency */ = {
			isa = PBXTargetDependency;
			target = A546160822DC5B130001CF19 /* Twenty */;
			targetProxy = A546161C22DC5B160001CF19 /* PBXContainerItemProxy */;
		};
		A546162822DC5B160001CF19 /* PBXTargetDependency */ = {
			isa = PBXTargetDependency;
			target = A546160822DC5B130001CF19 /* Twenty */;
			targetProxy = A546162722DC5B160001CF19 /* PBXContainerItemProxy */;
		};
/* End PBXTargetDependency section */

/* Begin PBXVariantGroup section */
		A546161222DC5B160001CF19 /* Main.storyboard */ = {
			isa = PBXVariantGroup;
			children = (
				A546161322DC5B160001CF19 /* Base */,
			);
			name = Main.storyboard;
			sourceTree = "<group>";
		};
/* End PBXVariantGroup section */

/* Begin XCBuildConfiguration section */
		A546162D22DC5B160001CF19 /* Debug */ = {
			isa = XCBuildConfiguration;
			buildSettings = {
				ALWAYS_SEARCH_USER_PATHS = NO;
				CLANG_ANALYZER_NONNULL = YES;
				CLANG_ANALYZER_NUMBER_OBJECT_CONVERSION = YES_AGGRESSIVE;
				CLANG_CXX_LANGUAGE_STANDARD = "gnu++14";
				CLANG_CXX_LIBRARY = "libc++";
				CLANG_ENABLE_MODULES = YES;
				CLANG_ENABLE_OBJC_ARC = YES;
				CLANG_ENABLE_OBJC_WEAK = YES;
				CLANG_WARN_BLOCK_CAPTURE_AUTORELEASING = YES;
				CLANG_WARN_BOOL_CONVERSION = YES;
				CLANG_WARN_COMMA = YES;
				CLANG_WARN_CONSTANT_CONVERSION = YES;
				CLANG_WARN_DEPRECATED_OBJC_IMPLEMENTATIONS = YES;
				CLANG_WARN_DIRECT_OBJC_ISA_USAGE = YES_ERROR;
				CLANG_WARN_DOCUMENTATION_COMMENTS = YES;
				CLANG_WARN_EMPTY_BODY = YES;
				CLANG_WARN_ENUM_CONVERSION = YES;
				CLANG_WARN_INFINITE_RECURSION = YES;
				CLANG_WARN_INT_CONVERSION = YES;
				CLANG_WARN_NON_LITERAL_NULL_CONVERSION = YES;
				CLANG_WARN_OBJC_IMPLICIT_RETAIN_SELF = YES;
				CLANG_WARN_OBJC_LITERAL_CONVERSION = YES;
				CLANG_WARN_OBJC_ROOT_CLASS = YES_ERROR;
				CLANG_WARN_RANGE_LOOP_ANALYSIS = YES;
				CLANG_WARN_STRICT_PROTOTYPES = YES;
				CLANG_WARN_SUSPICIOUS_MOVE = YES;
				CLANG_WARN_UNGUARDED_AVAILABILITY = YES_AGGRESSIVE;
				CLANG_WARN_UNREACHABLE_CODE = YES;
				CLANG_WARN__DUPLICATE_METHOD_MATCH = YES;
				CODE_SIGN_IDENTITY = "Mac Developer";
				COPY_PHASE_STRIP = NO;
				DEBUG_INFORMATION_FORMAT = dwarf;
				ENABLE_STRICT_OBJC_MSGSEND = YES;
				ENABLE_TESTABILITY = YES;
				GCC_C_LANGUAGE_STANDARD = gnu11;
				GCC_DYNAMIC_NO_PIC = NO;
				GCC_NO_COMMON_BLOCKS = YES;
				GCC_OPTIMIZATION_LEVEL = 0;
				GCC_PREPROCESSOR_DEFINITIONS = (
					"DEBUG=1",
					"$(inherited)",
				);
				GCC_WARN_64_TO_32_BIT_CONVERSION = YES;
				GCC_WARN_ABOUT_RETURN_TYPE = YES_ERROR;
				GCC_WARN_UNDECLARED_SELECTOR = YES;
				GCC_WARN_UNINITIALIZED_AUTOS = YES_AGGRESSIVE;
				GCC_WARN_UNUSED_FUNCTION = YES;
				GCC_WARN_UNUSED_VARIABLE = YES;
				MACOSX_DEPLOYMENT_TARGET = 10.14;
				MTL_ENABLE_DEBUG_INFO = INCLUDE_SOURCE;
				MTL_FAST_MATH = YES;
				ONLY_ACTIVE_ARCH = YES;
				SDKROOT = macosx;
				SWIFT_ACTIVE_COMPILATION_CONDITIONS = DEBUG;
				SWIFT_OPTIMIZATION_LEVEL = "-Onone";
			};
			name = Debug;
		};
		A546162E22DC5B160001CF19 /* Release */ = {
			isa = XCBuildConfiguration;
			buildSettings = {
				ALWAYS_SEARCH_USER_PATHS = NO;
				CLANG_ANALYZER_NONNULL = YES;
				CLANG_ANALYZER_NUMBER_OBJECT_CONVERSION = YES_AGGRESSIVE;
				CLANG_CXX_LANGUAGE_STANDARD = "gnu++14";
				CLANG_CXX_LIBRARY = "libc++";
				CLANG_ENABLE_MODULES = YES;
				CLANG_ENABLE_OBJC_ARC = YES;
				CLANG_ENABLE_OBJC_WEAK = YES;
				CLANG_WARN_BLOCK_CAPTURE_AUTORELEASING = YES;
				CLANG_WARN_BOOL_CONVERSION = YES;
				CLANG_WARN_COMMA = YES;
				CLANG_WARN_CONSTANT_CONVERSION = YES;
				CLANG_WARN_DEPRECATED_OBJC_IMPLEMENTATIONS = YES;
				CLANG_WARN_DIRECT_OBJC_ISA_USAGE = YES_ERROR;
				CLANG_WARN_DOCUMENTATION_COMMENTS = YES;
				CLANG_WARN_EMPTY_BODY = YES;
				CLANG_WARN_ENUM_CONVERSION = YES;
				CLANG_WARN_INFINITE_RECURSION = YES;
				CLANG_WARN_INT_CONVERSION = YES;
				CLANG_WARN_NON_LITERAL_NULL_CONVERSION = YES;
				CLANG_WARN_OBJC_IMPLICIT_RETAIN_SELF = YES;
				CLANG_WARN_OBJC_LITERAL_CONVERSION = YES;
				CLANG_WARN_OBJC_ROOT_CLASS = YES_ERROR;
				CLANG_WARN_RANGE_LOOP_ANALYSIS = YES;
				CLANG_WARN_STRICT_PROTOTYPES = YES;
				CLANG_WARN_SUSPICIOUS_MOVE = YES;
				CLANG_WARN_UNGUARDED_AVAILABILITY = YES_AGGRESSIVE;
				CLANG_WARN_UNREACHABLE_CODE = YES;
				CLANG_WARN__DUPLICATE_METHOD_MATCH = YES;
				CODE_SIGN_IDENTITY = "Mac Developer";
				COPY_PHASE_STRIP = NO;
				DEBUG_INFORMATION_FORMAT = "dwarf-with-dsym";
				ENABLE_NS_ASSERTIONS = NO;
				ENABLE_STRICT_OBJC_MSGSEND = YES;
				GCC_C_LANGUAGE_STANDARD = gnu11;
				GCC_NO_COMMON_BLOCKS = YES;
				GCC_WARN_64_TO_32_BIT_CONVERSION = YES;
				GCC_WARN_ABOUT_RETURN_TYPE = YES_ERROR;
				GCC_WARN_UNDECLARED_SELECTOR = YES;
				GCC_WARN_UNINITIALIZED_AUTOS = YES_AGGRESSIVE;
				GCC_WARN_UNUSED_FUNCTION = YES;
				GCC_WARN_UNUSED_VARIABLE = YES;
				MACOSX_DEPLOYMENT_TARGET = 10.14;
				MTL_ENABLE_DEBUG_INFO = NO;
				MTL_FAST_MATH = YES;
				SDKROOT = macosx;
				SWIFT_COMPILATION_MODE = wholemodule;
				SWIFT_OPTIMIZATION_LEVEL = "-O";
			};
			name = Release;
		};
		A546163022DC5B160001CF19 /* Debug */ = {
			isa = XCBuildConfiguration;
			baseConfigurationReference = F73475627EC202E6BCDB78B2 /* Pods-Twenty.debug.xcconfig */;
			buildSettings = {
				ASSETCATALOG_COMPILER_APPICON_NAME = AppIcon;
				CODE_SIGN_ENTITLEMENTS = Twenty/Twenty.entitlements;
				CODE_SIGN_STYLE = Automatic;
				COMBINE_HIDPI_IMAGES = YES;
				DEVELOPMENT_TEAM = 82T6BNCGD9;
				INFOPLIST_FILE = Twenty/Info.plist;
				LD_RUNPATH_SEARCH_PATHS = (
					"$(inherited)",
					"@executable_path/../Frameworks",
				);
				PRODUCT_BUNDLE_IDENTIFIER = com.Twenty;
				PRODUCT_NAME = "$(TARGET_NAME)";
				SWIFT_VERSION = 5.0;
			};
			name = Debug;
		};
		A546163122DC5B160001CF19 /* Release */ = {
			isa = XCBuildConfiguration;
			baseConfigurationReference = 5B2AD409B0FF94CDABED9FA1 /* Pods-Twenty.release.xcconfig */;
			buildSettings = {
				ASSETCATALOG_COMPILER_APPICON_NAME = AppIcon;
				CODE_SIGN_ENTITLEMENTS = Twenty/Twenty.entitlements;
				CODE_SIGN_STYLE = Automatic;
				COMBINE_HIDPI_IMAGES = YES;
				DEVELOPMENT_TEAM = 82T6BNCGD9;
				INFOPLIST_FILE = Twenty/Info.plist;
				LD_RUNPATH_SEARCH_PATHS = (
					"$(inherited)",
					"@executable_path/../Frameworks",
				);
				PRODUCT_BUNDLE_IDENTIFIER = com.Twenty;
				PRODUCT_NAME = "$(TARGET_NAME)";
				SWIFT_VERSION = 5.0;
			};
			name = Release;
		};
		A546163322DC5B160001CF19 /* Debug */ = {
			isa = XCBuildConfiguration;
			buildSettings = {
				ALWAYS_EMBED_SWIFT_STANDARD_LIBRARIES = YES;
				BUNDLE_LOADER = "$(TEST_HOST)";
				CODE_SIGN_STYLE = Automatic;
				COMBINE_HIDPI_IMAGES = YES;
				DEVELOPMENT_TEAM = 82T6BNCGD9;
				INFOPLIST_FILE = TwentyTests/Info.plist;
				LD_RUNPATH_SEARCH_PATHS = (
					"$(inherited)",
					"@executable_path/../Frameworks",
					"@loader_path/../Frameworks",
				);
				PRODUCT_BUNDLE_IDENTIFIER = com.TwentyTests;
				PRODUCT_NAME = "$(TARGET_NAME)";
				SWIFT_VERSION = 5.0;
				TEST_HOST = "$(BUILT_PRODUCTS_DIR)/Twenty.app/Contents/MacOS/Twenty";
			};
			name = Debug;
		};
		A546163422DC5B160001CF19 /* Release */ = {
			isa = XCBuildConfiguration;
			buildSettings = {
				ALWAYS_EMBED_SWIFT_STANDARD_LIBRARIES = YES;
				BUNDLE_LOADER = "$(TEST_HOST)";
				CODE_SIGN_STYLE = Automatic;
				COMBINE_HIDPI_IMAGES = YES;
				DEVELOPMENT_TEAM = 82T6BNCGD9;
				INFOPLIST_FILE = TwentyTests/Info.plist;
				LD_RUNPATH_SEARCH_PATHS = (
					"$(inherited)",
					"@executable_path/../Frameworks",
					"@loader_path/../Frameworks",
				);
				PRODUCT_BUNDLE_IDENTIFIER = com.TwentyTests;
				PRODUCT_NAME = "$(TARGET_NAME)";
				SWIFT_VERSION = 5.0;
				TEST_HOST = "$(BUILT_PRODUCTS_DIR)/Twenty.app/Contents/MacOS/Twenty";
			};
			name = Release;
		};
		A546163622DC5B160001CF19 /* Debug */ = {
			isa = XCBuildConfiguration;
			buildSettings = {
				ALWAYS_EMBED_SWIFT_STANDARD_LIBRARIES = YES;
				CODE_SIGN_STYLE = Automatic;
				COMBINE_HIDPI_IMAGES = YES;
				DEVELOPMENT_TEAM = 82T6BNCGD9;
				INFOPLIST_FILE = TwentyUITests/Info.plist;
				LD_RUNPATH_SEARCH_PATHS = (
					"$(inherited)",
					"@executable_path/../Frameworks",
					"@loader_path/../Frameworks",
				);
				PRODUCT_BUNDLE_IDENTIFIER = com.TwentyUITests;
				PRODUCT_NAME = "$(TARGET_NAME)";
				SWIFT_VERSION = 5.0;
				TEST_TARGET_NAME = Twenty;
			};
			name = Debug;
		};
		A546163722DC5B160001CF19 /* Release */ = {
			isa = XCBuildConfiguration;
			buildSettings = {
				ALWAYS_EMBED_SWIFT_STANDARD_LIBRARIES = YES;
				CODE_SIGN_STYLE = Automatic;
				COMBINE_HIDPI_IMAGES = YES;
				DEVELOPMENT_TEAM = 82T6BNCGD9;
				INFOPLIST_FILE = TwentyUITests/Info.plist;
				LD_RUNPATH_SEARCH_PATHS = (
					"$(inherited)",
					"@executable_path/../Frameworks",
					"@loader_path/../Frameworks",
				);
				PRODUCT_BUNDLE_IDENTIFIER = com.TwentyUITests;
				PRODUCT_NAME = "$(TARGET_NAME)";
				SWIFT_VERSION = 5.0;
				TEST_TARGET_NAME = Twenty;
			};
			name = Release;
		};
/* End XCBuildConfiguration section */

/* Begin XCConfigurationList section */
		A546160422DC5B130001CF19 /* Build configuration list for PBXProject "Twenty" */ = {
			isa = XCConfigurationList;
			buildConfigurations = (
				A546162D22DC5B160001CF19 /* Debug */,
				A546162E22DC5B160001CF19 /* Release */,
			);
			defaultConfigurationIsVisible = 0;
			defaultConfigurationName = Release;
		};
		A546162F22DC5B160001CF19 /* Build configuration list for PBXNativeTarget "Twenty" */ = {
			isa = XCConfigurationList;
			buildConfigurations = (
				A546163022DC5B160001CF19 /* Debug */,
				A546163122DC5B160001CF19 /* Release */,
			);
			defaultConfigurationIsVisible = 0;
			defaultConfigurationName = Release;
		};
		A546163222DC5B160001CF19 /* Build configuration list for PBXNativeTarget "TwentyTests" */ = {
			isa = XCConfigurationList;
			buildConfigurations = (
				A546163322DC5B160001CF19 /* Debug */,
				A546163422DC5B160001CF19 /* Release */,
			);
			defaultConfigurationIsVisible = 0;
			defaultConfigurationName = Release;
		};
		A546163522DC5B160001CF19 /* Build configuration list for PBXNativeTarget "TwentyUITests" */ = {
			isa = XCConfigurationList;
			buildConfigurations = (
				A546163622DC5B160001CF19 /* Debug */,
				A546163722DC5B160001CF19 /* Release */,
			);
			defaultConfigurationIsVisible = 0;
			defaultConfigurationName = Release;
		};
/* End XCConfigurationList section */
	};
	rootObject = A546160122DC5B130001CF19 /* Project object */;
}
